
Microsoft Visual Studio Solution File, Format Version 12.00
# Visual Studio Version 17
VisualStudioVersion = 17.3.32825.248
MinimumVisualStudioVersion = 10.0.40219.1
Project("{FAE04EC0-301F-11D3-BF4B-00C04F79EFBC}") = "Week2", "Week2\Week2.csproj", "{53F9957D-6049-4DC0-8DE6-050214809310}"
EndProject
Project("{FAE04EC0-301F-11D3-BF4B-00C04F79EFBC}") = "UserAgeValidation", "UserAgeValidation\UserAgeValidation.csproj", "{861ACE02-46A2-437F-A71D-10D6395CAAB2}"
EndProject
Project("{FAE04EC0-301F-11D3-BF4B-00C04F79EFBC}") = "userGenderValidation", "userGenderValidation\userGenderValidation.csproj", "{991591D8-F6AA-4D55-B277-FA8DF86DE1E6}"
EndProject
Global
	GlobalSection(SolutionConfigurationPlatforms) = preSolution
		Debug|Any CPU = Debug|Any CPU
		Release|Any CPU = Release|Any CPU
	EndGlobalSection
	GlobalSection(ProjectConfigurationPlatforms) = postSolution
		{53F9957D-6049-4DC0-8DE6-050214809310}.Debug|Any CPU.ActiveCfg = Debug|Any CPU
		{53F9957D-6049-4DC0-8DE6-050214809310}.Debug|Any CPU.Build.0 = Debug|Any CPU
		{53F9957D-6049-4DC0-8DE6-050214809310}.Release|Any CPU.ActiveCfg = Release|Any CPU
		{53F9957D-6049-4DC0-8DE6-050214809310}.Release|Any CPU.Build.0 = Release|Any CPU
		{861ACE02-46A2-437F-A71D-10D6395CAAB2}.Debug|Any CPU.ActiveCfg = Debug|Any CPU
		{861ACE02-46A2-437F-A71D-10D6395CAAB2}.Debug|Any CPU.Build.0 = Debug|Any CPU
		{861ACE02-46A2-437F-A71D-10D6395CAAB2}.Release|Any CPU.ActiveCfg = Release|Any CPU
		{861ACE02-46A2-437F-A71D-10D6395CAAB2}.Release|Any CPU.Build.0 = Release|Any CPU
		{991591D8-F6AA-4D55-B277-FA8DF86DE1E6}.Debug|Any CPU.ActiveCfg = Debug|Any CPU
		{991591D8-F6AA-4D55-B277-FA8DF86DE1E6}.Debug|Any CPU.Build.0 = Debug|Any CPU
		{991591D8-F6AA-4D55-B277-FA8DF86DE1E6}.Release|Any CPU.ActiveCfg = Release|Any CPU
		{991591D8-F6AA-4D55-B277-FA8DF86DE1E6}.Release|Any CPU.Build.0 = Release|Any CPU
	EndGlobalSection
	GlobalSection(SolutionProperties) = preSolution
		HideSolutionNode = FALSE
	EndGlobalSection
	GlobalSection(ExtensibilityGlobals) = postSolution
		SolutionGuid = {F06590D3-C143-4EE1-8706-2124E378B5F6}
	EndGlobalSection
EndGlobal
